{
  "requires": true,
  "lockfileVersion": 1,
  "dependencies": {
    "react-scroll-box": {
      "version": "0.3.5",
      "resolved": "https://registry.npmjs.org/react-scroll-box/-/react-scroll-box-0.3.5.tgz",
      "integrity": "sha512-ldWpe/TWB4dx06LcQFXcQ7hOg2jO3QOZKYU3E1c6316D3QRZqfsyzRrXUglhmoEAsLLOFvQGvTI5Nc/zrn/0cw=="
    }
  }
}
